
Microsoft Visual Studio Solution File, Format Version 12.00
# Visual Studio Version 17
VisualStudioVersion = 17.6.33723.286
MinimumVisualStudioVersion = 10.0.40219.1
Project("{FAE04EC0-301F-11D3-BF4B-00C04F79EFBC}") = "PrtScrBeautify", "PrtScrBeautify\PrtScrBeautify.csproj", "{6483259A-E045-487A-AFB4-FD8EA174CD4F}"
EndProject
Global
	GlobalSection(SolutionConfigurationPlatforms) = preSolution
		Debug|Any CPU = Debug|Any CPU
		Release|Any CPU = Release|Any CPU
	EndGlobalSection
	GlobalSection(ProjectConfigurationPlatforms) = postSolution
		{6483259A-E045-487A-AFB4-FD8EA174CD4F}.Debug|Any CPU.ActiveCfg = Debug|Any CPU
		{6483259A-E045-487A-AFB4-FD8EA174CD4F}.Debug|Any CPU.Build.0 = Debug|Any CPU
		{6483259A-E045-487A-AFB4-FD8EA174CD4F}.Release|Any CPU.ActiveCfg = Release|Any CPU
		{6483259A-E045-487A-AFB4-FD8EA174CD4F}.Release|Any CPU.Build.0 = Release|Any CPU
	EndGlobalSection
	GlobalSection(SolutionProperties) = preSolution
		HideSolutionNode = FALSE
	EndGlobalSection
	GlobalSection(ExtensibilityGlobals) = postSolution
		SolutionGuid = {BFA3D001-5058-4DF1-BE1F-65EC150A09B3}
	EndGlobalSection
EndGlobal
